
Microsoft Visual Studio Solution File, Format Version 12.00
# Visual Studio Version 17
VisualStudioVersion = 17.4.33122.133
MinimumVisualStudioVersion = 10.0.40219.1
Project("{9A19103F-16F7-4668-BE54-9A1E7A4F7556}") = "04.01", "04.01\04.01.csproj", "{6632E7B4-3F8E-4180-86F3-20836FF7A766}"
EndProject
Project("{9A19103F-16F7-4668-BE54-9A1E7A4F7556}") = "04.02", "04.02\04.02.csproj", "{2968F5E8-7800-41B1-9B5A-BE7A8ED08B4F}"
EndProject
Project("{9A19103F-16F7-4668-BE54-9A1E7A4F7556}") = "07.01", "07.01\07.01.csproj", "{5A0FED32-0497-4B97-8CCD-402BF25AD58D}"
EndProject
Project("{9A19103F-16F7-4668-BE54-9A1E7A4F7556}") = "07.02", "07.02\07.02.csproj", "{F5A88F0A-4137-40DA-938F-835D0AA526A2}"
EndProject
Project("{9A19103F-16F7-4668-BE54-9A1E7A4F7556}") = "10.01", "10.01\10.01.csproj", "{80BAE982-91FE-4CBE-8392-9C9B333495A5}"
EndProject
Project("{9A19103F-16F7-4668-BE54-9A1E7A4F7556}") = "10.02", "10.02\10.02.csproj", "{717004D2-250F-4DAF-9D27-4161D2C4A309}"
EndProject
Project("{FAE04EC0-301F-11D3-BF4B-00C04F79EFBC}") = "13.01", "13.01\13.01.csproj", "{BC958646-631E-4BDA-886C-CBCFCE117684}"
EndProject
Project("{FAE04EC0-301F-11D3-BF4B-00C04F79EFBC}") = "13.02", "13.02\13.02.csproj", "{25C07A74-077E-434D-9365-C4F5F1F130E8}"
EndProject
Global
	GlobalSection(SolutionConfigurationPlatforms) = preSolution
		Debug|Any CPU = Debug|Any CPU
		Release|Any CPU = Release|Any CPU
	EndGlobalSection
	GlobalSection(ProjectConfigurationPlatforms) = postSolution
		{6632E7B4-3F8E-4180-86F3-20836FF7A766}.Debug|Any CPU.ActiveCfg = Debug|Any CPU
		{6632E7B4-3F8E-4180-86F3-20836FF7A766}.Debug|Any CPU.Build.0 = Debug|Any CPU
		{6632E7B4-3F8E-4180-86F3-20836FF7A766}.Release|Any CPU.ActiveCfg = Release|Any CPU
		{6632E7B4-3F8E-4180-86F3-20836FF7A766}.Release|Any CPU.Build.0 = Release|Any CPU
		{2968F5E8-7800-41B1-9B5A-BE7A8ED08B4F}.Debug|Any CPU.ActiveCfg = Debug|Any CPU
		{2968F5E8-7800-41B1-9B5A-BE7A8ED08B4F}.Debug|Any CPU.Build.0 = Debug|Any CPU
		{2968F5E8-7800-41B1-9B5A-BE7A8ED08B4F}.Release|Any CPU.ActiveCfg = Release|Any CPU
		{2968F5E8-7800-41B1-9B5A-BE7A8ED08B4F}.Release|Any CPU.Build.0 = Release|Any CPU
		{5A0FED32-0497-4B97-8CCD-402BF25AD58D}.Debug|Any CPU.ActiveCfg = Debug|Any CPU
		{5A0FED32-0497-4B97-8CCD-402BF25AD58D}.Debug|Any CPU.Build.0 = Debug|Any CPU
		{5A0FED32-0497-4B97-8CCD-402BF25AD58D}.Release|Any CPU.ActiveCfg = Release|Any CPU
		{5A0FED32-0497-4B97-8CCD-402BF25AD58D}.Release|Any CPU.Build.0 = Release|Any CPU
		{F5A88F0A-4137-40DA-938F-835D0AA526A2}.Debug|Any CPU.ActiveCfg = Debug|Any CPU
		{F5A88F0A-4137-40DA-938F-835D0AA526A2}.Debug|Any CPU.Build.0 = Debug|Any CPU
		{F5A88F0A-4137-40DA-938F-835D0AA526A2}.Release|Any CPU.ActiveCfg = Release|Any CPU
		{F5A88F0A-4137-40DA-938F-835D0AA526A2}.Release|Any CPU.Build.0 = Release|Any CPU
		{80BAE982-91FE-4CBE-8392-9C9B333495A5}.Debug|Any CPU.ActiveCfg = Debug|Any CPU
		{80BAE982-91FE-4CBE-8392-9C9B333495A5}.Debug|Any CPU.Build.0 = Debug|Any CPU
		{80BAE982-91FE-4CBE-8392-9C9B333495A5}.Release|Any CPU.ActiveCfg = Release|Any CPU
		{80BAE982-91FE-4CBE-8392-9C9B333495A5}.Release|Any CPU.Build.0 = Release|Any CPU
		{717004D2-250F-4DAF-9D27-4161D2C4A309}.Debug|Any CPU.ActiveCfg = Debug|Any CPU
		{717004D2-250F-4DAF-9D27-4161D2C4A309}.Debug|Any CPU.Build.0 = Debug|Any CPU
		{717004D2-250F-4DAF-9D27-4161D2C4A309}.Release|Any CPU.ActiveCfg = Release|Any CPU
		{717004D2-250F-4DAF-9D27-4161D2C4A309}.Release|Any CPU.Build.0 = Release|Any CPU
		{BC958646-631E-4BDA-886C-CBCFCE117684}.Debug|Any CPU.ActiveCfg = Debug|Any CPU
		{BC958646-631E-4BDA-886C-CBCFCE117684}.Debug|Any CPU.Build.0 = Debug|Any CPU
		{BC958646-631E-4BDA-886C-CBCFCE117684}.Release|Any CPU.ActiveCfg = Release|Any CPU
		{BC958646-631E-4BDA-886C-CBCFCE117684}.Release|Any CPU.Build.0 = Release|Any CPU
		{25C07A74-077E-434D-9365-C4F5F1F130E8}.Debug|Any CPU.ActiveCfg = Debug|Any CPU
		{25C07A74-077E-434D-9365-C4F5F1F130E8}.Debug|Any CPU.Build.0 = Debug|Any CPU
		{25C07A74-077E-434D-9365-C4F5F1F130E8}.Release|Any CPU.ActiveCfg = Release|Any CPU
		{25C07A74-077E-434D-9365-C4F5F1F130E8}.Release|Any CPU.Build.0 = Release|Any CPU
	EndGlobalSection
	GlobalSection(SolutionProperties) = preSolution
		HideSolutionNode = FALSE
	EndGlobalSection
	GlobalSection(ExtensibilityGlobals) = postSolution
		SolutionGuid = {CAD05234-EE83-4DB5-88E3-B9DD365BCEEC}
	EndGlobalSection
EndGlobal
